// !$*UTF8*$!
{
	archiveVersion = 1;
	classes = {
	};
	objectVersion = 77;
	objects = {

/* Begin PBXBuildFile section */
		28B9477F2D8AEBE7001CB6EF /* LoseViewController.swift in Sources */ = {isa = PBXBuildFile; fileRef = 28B9477E2D8AEBE7001CB6EF /* LoseViewController.swift */; };
/* End PBXBuildFile section */

/* Begin PBXContainerItemProxy section */
		288C13772D6F522A005AEF0D /* PBXContainerItemProxy */ = {
			isa = PBXContainerItemProxy;
			containerPortal = 288C13552D6F521A005AEF0D /* Project object */;
			proxyType = 1;
			remoteGlobalIDString = 288C135C2D6F521A005AEF0D;
			remoteInfo = CityBuilder;
		};
		288C13812D6F522A005AEF0D /* PBXContainerItemProxy */ = {
			isa = PBXContainerItemProxy;
			containerPortal = 288C13552D6F521A005AEF0D /* Project object */;
			proxyType = 1;
			remoteGlobalIDString = 288C135C2D6F521A005AEF0D;
			remoteInfo = CityBuilder;
		};
/* End PBXContainerItemProxy section */

/* Begin PBXFileReference section */
		288C135D2D6F521A005AEF0D /* CityBuilder.app */ = {isa = PBXFileReference; explicitFileType = wrapper.application; includeInIndex = 0; path = CityBuilder.app; sourceTree = BUILT_PRODUCTS_DIR; };
		288C13762D6F522A005AEF0D /* CityBuilderTests.xctest */ = {isa = PBXFileReference; explicitFileType = wrapper.cfbundle; includeInIndex = 0; path = CityBuilderTests.xctest; sourceTree = BUILT_PRODUCTS_DIR; };
		288C13802D6F522A005AEF0D /* CityBuilderUITests.xctest */ = {isa = PBXFileReference; explicitFileType = wrapper.cfbundle; includeInIndex = 0; path = CityBuilderUITests.xctest; sourceTree = BUILT_PRODUCTS_DIR; };
		28B9477E2D8AEBE7001CB6EF /* LoseViewController.swift */ = {isa = PBXFileReference; lastKnownFileType = sourcecode.swift; path = LoseViewController.swift; sourceTree = "<group>"; };
/* End PBXFileReference section */

/* Begin PBXFileSystemSynchronizedRootGroup section */
		288C135F2D6F521A005AEF0D /* CityBuilder */ = {
			isa = PBXFileSystemSynchronizedRootGroup;
			path = CityBuilder;
			sourceTree = "<group>";
		};
		288C13792D6F522A005AEF0D /* CityBuilderTests */ = {
			isa = PBXFileSystemSynchronizedRootGroup;
			path = CityBuilderTests;
			sourceTree = "<group>";
		};
		288C13832D6F522A005AEF0D /* CityBuilderUITests */ = {
			isa = PBXFileSystemSynchronizedRootGroup;
			path = CityBuilderUITests;
			sourceTree = "<group>";
		};
/* End PBXFileSystemSynchronizedRootGroup section */

/* Begin PBXFrameworksBuildPhase section */
		288C135A2D6F521A005AEF0D /* Frameworks */ = {
			isa = PBXFrameworksBuildPhase;
			buildActionMask = 2147483647;
			files = (
			);
			runOnlyForDeploymentPostprocessing = 0;
		};
		288C13732D6F522A005AEF0D /* Frameworks */ = {
			isa = PBXFrameworksBuildPhase;
			buildActionMask = 2147483647;
			files = (
			);
			runOnlyForDeploymentPostprocessing = 0;
		};
		288C137D2D6F522A005AEF0D /* Frameworks */ = {
			isa = PBXFrameworksBuildPhase;
			buildActionMask = 2147483647;
			files = (
			);
			runOnlyForDeploymentPostprocessing = 0;
		};
/* End PBXFrameworksBuildPhase section */

/* Begin PBXGroup section */
		288C13542D6F521A005AEF0D = {
			isa = PBXGroup;
			children = (
				28B9477E2D8AEBE7001CB6EF /* LoseViewController.swift */,
				288C135F2D6F521A005AEF0D /* CityBuilder */,
				288C13792D6F522A005AEF0D /* CityBuilderTests */,
				288C13832D6F522A005AEF0D /* CityBuilderUITests */,
				288C135E2D6F521A005AEF0D /* Products */,
			);
			sourceTree = "<group>";
		};
		288C135E2D6F521A005AEF0D /* Products */ = {
			isa = PBXGroup;
			children = (
				288C135D2D6F521A005AEF0D /* CityBuilder.app */,
				288C13762D6F522A005AEF0D /* CityBuilderTests.xctest */,
				288C13802D6F522A005AEF0D /* CityBuilderUITests.xctest */,
			);
			name = Products;
			sourceTree = "<group>";
		};
/* End PBXGroup section */

/* Begin PBXNativeTarget section */
		288C135C2D6F521A005AEF0D /* CityBuilder */ = {
			isa = PBXNativeTarget;
			buildConfigurationList = 288C138A2D6F522A005AEF0D /* Build configuration list for PBXNativeTarget "CityBuilder" */;
			buildPhases = (
				288C13592D6F521A005AEF0D /* Sources */,
				288C135A2D6F521A005AEF0D /* Frameworks */,
				288C135B2D6F521A005AEF0D /* Resources */,
			);
			buildRules = (
			);
			dependencies = (
			);
			fileSystemSynchronizedGroups = (
				288C135F2D6F521A005AEF0D /* CityBuilder */,
			);
			name = CityBuilder;
			packageProductDependencies = (
			);
			productName = CityBuilder;
			productReference = 288C135D2D6F521A005AEF0D /* CityBuilder.app */;
			productType = "com.apple.product-type.application";
		};
		288C13752D6F522A005AEF0D /* CityBuilderTests */ = {
			isa = PBXNativeTarget;
			buildConfigurationList = 288C138D2D6F522A005AEF0D /* Build configuration list for PBXNativeTarget "CityBuilderTests" */;
			buildPhases = (
				288C13722D6F522A005AEF0D /* Sources */,
				288C13732D6F522A005AEF0D /* Frameworks */,
				288C13742D6F522A005AEF0D /* Resources */,
			);
			buildRules = (
			);
			dependencies = (
				288C13782D6F522A005AEF0D /* PBXTargetDependency */,
			);
			fileSystemSynchronizedGroups = (
				288C13792D6F522A005AEF0D /* CityBuilderTests */,
			);
			name = CityBuilderTests;
			packageProductDependencies = (
			);
			productName = CityBuilderTests;
			productReference = 288C13762D6F522A005AEF0D /* CityBuilderTests.xctest */;
			productType = "com.apple.product-type.bundle.unit-test";
		};
		288C137F2D6F522A005AEF0D /* CityBuilderUITests */ = {
			isa = PBXNativeTarget;
			buildConfigurationList = 288C13902D6F522A005AEF0D /* Build configuration list for PBXNativeTarget "CityBuilderUITests" */;
			buildPhases = (
				288C137C2D6F522A005AEF0D /* Sources */,
				288C137D2D6F522A005AEF0D /* Frameworks */,
				288C137E2D6F522A005AEF0D /* Resources */,
			);
			buildRules = (
			);
			dependencies = (
				288C13822D6F522A005AEF0D /* PBXTargetDependency */,
			);
			fileSystemSynchronizedGroups = (
				288C13832D6F522A005AEF0D /* CityBuilderUITests */,
			);
			name = CityBuilderUITests;
			packageProductDependencies = (
			);
			productName = CityBuilderUITests;
			productReference = 288C13802D6F522A005AEF0D /* CityBuilderUITests.xctest */;
			productType = "com.apple.product-type.bundle.ui-testing";
		};
/* End PBXNativeTarget section */

/* Begin PBXProject section */
		288C13552D6F521A005AEF0D /* Project object */ = {
			isa = PBXProject;
			attributes = {
				BuildIndependentTargetsInParallel = 1;
				LastSwiftUpdateCheck = 1620;
				LastUpgradeCheck = 1620;
				TargetAttributes = {
					288C135C2D6F521A005AEF0D = {
						CreatedOnToolsVersion = 16.2;
						LastSwiftMigration = 1620;
					};
					288C13752D6F522A005AEF0D = {
						CreatedOnToolsVersion = 16.2;
						TestTargetID = 288C135C2D6F521A005AEF0D;
					};
					288C137F2D6F522A005AEF0D = {
						CreatedOnToolsVersion = 16.2;
						TestTargetID = 288C135C2D6F521A005AEF0D;
					};
				};
			};
			buildConfigurationList = 288C13582D6F521A005AEF0D /* Build configuration list for PBXProject "CityBuilder" */;
			developmentRegion = en;
			hasScannedForEncodings = 0;
			knownRegions = (
				en,
				Base,
			);
			mainGroup = 288C13542D6F521A005AEF0D;
			minimizedProjectReferenceProxies = 1;
			preferredProjectObjectVersion = 77;
			productRefGroup = 288C135E2D6F521A005AEF0D /* Products */;
			projectDirPath = "";
			projectRoot = "";
			targets = (
				288C135C2D6F521A005AEF0D /* CityBuilder */,
				288C13752D6F522A005AEF0D /* CityBuilderTests */,
				288C137F2D6F522A005AEF0D /* CityBuilderUITests */,
			);
		};
/* End PBXProject section */

/* Begin PBXResourcesBuildPhase section */
		288C135B2D6F521A005AEF0D /* Resources */ = {
			isa = PBXResourcesBuildPhase;
			buildActionMask = 2147483647;
			files = (
			);
			runOnlyForDeploymentPostprocessing = 0;
		};
		288C13742D6F522A005AEF0D /* Resources */ = {
			isa = PBXResourcesBuildPhase;
			buildActionMask = 2147483647;
			files = (
			);
			runOnlyForDeploymentPostprocessing = 0;
		};
		288C137E2D6F522A005AEF0D /* Resources */ = {
			isa = PBXResourcesBuildPhase;
			buildActionMask = 2147483647;
			files = (
			);
			runOnlyForDeploymentPostprocessing = 0;
		};
/* End PBXResourcesBuildPhase section */

/* Begin PBXSourcesBuildPhase section */
		288C13592D6F521A005AEF0D /* Sources */ = {
			isa = PBXSourcesBuildPhase;
			buildActionMask = 2147483647;
			files = (
				28B9477F2D8AEBE7001CB6EF /* LoseViewController.swift in Sources */,
			);
			runOnlyForDeploymentPostprocessing = 0;
		};
		288C13722D6F522A005AEF0D /* Sources */ = {
			isa = PBXSourcesBuildPhase;
			buildActionMask = 2147483647;
			files = (
			);
			runOnlyForDeploymentPostprocessing = 0;
		};
		288C137C2D6F522A005AEF0D /* Sources */ = {
			isa = PBXSourcesBuildPhase;
			buildActionMask = 2147483647;
			files = (
			);
			runOnlyForDeploymentPostprocessing = 0;
		};
/* End PBXSourcesBuildPhase section */

/* Begin PBXTargetDependency section */
		288C13782D6F522A005AEF0D /* PBXTargetDependency */ = {
			isa = PBXTargetDependency;
			target = 288C135C2D6F521A005AEF0D /* CityBuilder */;
			targetProxy = 288C13772D6F522A005AEF0D /* PBXContainerItemProxy */;
		};
		288C13822D6F522A005AEF0D /* PBXTargetDependency */ = {
			isa = PBXTargetDependency;
			target = 288C135C2D6F521A005AEF0D /* CityBuilder */;
			targetProxy = 288C13812D6F522A005AEF0D /* PBXContainerItemProxy */;
		};
/* End PBXTargetDependency section */

/* Begin XCBuildConfiguration section */
		288C13882D6F522A005AEF0D /* Debug */ = {
			isa = XCBuildConfiguration;
			buildSettings = {
				ALWAYS_SEARCH_USER_PATHS = NO;
				ASSETCATALOG_COMPILER_GENERATE_SWIFT_ASSET_SYMBOL_EXTENSIONS = YES;
				CLANG_ANALYZER_NONNULL = YES;
				CLANG_ANALYZER_NUMBER_OBJECT_CONVERSION = YES_AGGRESSIVE;
				CLANG_CXX_LANGUAGE_STANDARD = "gnu++20";
				CLANG_ENABLE_MODULES = YES;
				CLANG_ENABLE_OBJC_ARC = YES;
				CLANG_ENABLE_OBJC_WEAK = YES;
				CLANG_WARN_BLOCK_CAPTURE_AUTORELEASING = YES;
				CLANG_WARN_BOOL_CONVERSION = YES;
				CLANG_WARN_COMMA = YES;
				CLANG_WARN_CONSTANT_CONVERSION = YES;
				CLANG_WARN_DEPRECATED_OBJC_IMPLEMENTATIONS = YES;
				CLANG_WARN_DIRECT_OBJC_ISA_USAGE = YES_ERROR;
				CLANG_WARN_DOCUMENTATION_COMMENTS = YES;
				CLANG_WARN_EMPTY_BODY = YES;
				CLANG_WARN_ENUM_CONVERSION = YES;
				CLANG_WARN_INFINITE_RECURSION = YES;
				CLANG_WARN_INT_CONVERSION = YES;
				CLANG_WARN_NON_LITERAL_NULL_CONVERSION = YES;
				CLANG_WARN_OBJC_IMPLICIT_RETAIN_SELF = YES;
				CLANG_WARN_OBJC_LITERAL_CONVERSION = YES;
				CLANG_WARN_OBJC_ROOT_CLASS = YES_ERROR;
				CLANG_WARN_QUOTED_INCLUDE_IN_FRAMEWORK_HEADER = YES;
				CLANG_WARN_RANGE_LOOP_ANALYSIS = YES;
				CLANG_WARN_STRICT_PROTOTYPES = YES;
				CLANG_WARN_SUSPICIOUS_MOVE = YES;
				CLANG_WARN_UNGUARDED_AVAILABILITY = YES_AGGRESSIVE;
				CLANG_WARN_UNREACHABLE_CODE = YES;
				CLANG_WARN__DUPLICATE_METHOD_MATCH = YES;
				COPY_PHASE_STRIP = NO;
				DEBUG_INFORMATION_FORMAT = dwarf;
				ENABLE_STRICT_OBJC_MSGSEND = YES;
				ENABLE_TESTABILITY = YES;
				ENABLE_USER_SCRIPT_SANDBOXING = YES;
				GCC_C_LANGUAGE_STANDARD = gnu17;
				GCC_DYNAMIC_NO_PIC = NO;
				GCC_NO_COMMON_BLOCKS = YES;
				GCC_OPTIMIZATION_LEVEL = 0;
				GCC_PREPROCESSOR_DEFINITIONS = (
					"DEBUG=1",
					"$(inherited)",
				);
				GCC_WARN_64_TO_32_BIT_CONVERSION = YES;
				GCC_WARN_ABOUT_RETURN_TYPE = YES_ERROR;
				GCC_WARN_UNDECLARED_SELECTOR = YES;
				GCC_WARN_UNINITIALIZED_AUTOS = YES_AGGRESSIVE;
				GCC_WARN_UNUSED_FUNCTION = YES;
				GCC_WARN_UNUSED_VARIABLE = YES;
				IPHONEOS_DEPLOYMENT_TARGET = 18.2;
				LOCALIZATION_PREFERS_STRING_CATALOGS = YES;
				MTL_ENABLE_DEBUG_INFO = INCLUDE_SOURCE;
				MTL_FAST_MATH = YES;
				ONLY_ACTIVE_ARCH = YES;
				SDKROOT = iphoneos;
				SWIFT_ACTIVE_COMPILATION_CONDITIONS = "DEBUG $(inherited)";
				SWIFT_OPTIMIZATION_LEVEL = "-Onone";
			};
			name = Debug;
		};
		288C13892D6F522A005AEF0D /* Release */ = {
			isa = XCBuildConfiguration;
			buildSettings = {
				ALWAYS_SEARCH_USER_PATHS = NO;
				ASSETCATALOG_COMPILER_GENERATE_SWIFT_ASSET_SYMBOL_EXTENSIONS = YES;
				CLANG_ANALYZER_NONNULL = YES;
				CLANG_ANALYZER_NUMBER_OBJECT_CONVERSION = YES_AGGRESSIVE;
				CLANG_CXX_LANGUAGE_STANDARD = "gnu++20";
				CLANG_ENABLE_MODULES = YES;
				CLANG_ENABLE_OBJC_ARC = YES;
				CLANG_ENABLE_OBJC_WEAK = YES;
				CLANG_WARN_BLOCK_CAPTURE_AUTORELEASING = YES;
				CLANG_WARN_BOOL_CONVERSION = YES;
				CLANG_WARN_COMMA = YES;
				CLANG_WARN_CONSTANT_CONVERSION = YES;
				CLANG_WARN_DEPRECATED_OBJC_IMPLEMENTATIONS = YES;
				CLANG_WARN_DIRECT_OBJC_ISA_USAGE = YES_ERROR;
				CLANG_WARN_DOCUMENTATION_COMMENTS = YES;
				CLANG_WARN_EMPTY_BODY = YES;
				CLANG_WARN_ENUM_CONVERSION = YES;
				CLANG_WARN_INFINITE_RECURSION = YES;
				CLANG_WARN_INT_CONVERSION = YES;
				CLANG_WARN_NON_LITERAL_NULL_CONVERSION = YES;
				CLANG_WARN_OBJC_IMPLICIT_RETAIN_SELF = YES;
				CLANG_WARN_OBJC_LITERAL_CONVERSION = YES;
				CLANG_WARN_OBJC_ROOT_CLASS = YES_ERROR;
				CLANG_WARN_QUOTED_INCLUDE_IN_FRAMEWORK_HEADER = YES;
				CLANG_WARN_RANGE_LOOP_ANALYSIS = YES;
				CLANG_WARN_STRICT_PROTOTYPES = YES;
				CLANG_WARN_SUSPICIOUS_MOVE = YES;
				CLANG_WARN_UNGUARDED_AVAILABILITY = YES_AGGRESSIVE;
				CLANG_WARN_UNREACHABLE_CODE = YES;
				CLANG_WARN__DUPLICATE_METHOD_MATCH = YES;
				COPY_PHASE_STRIP = NO;
				DEBUG_INFORMATION_FORMAT = "dwarf-with-dsym";
				ENABLE_NS_ASSERTIONS = NO;
				ENABLE_STRICT_OBJC_MSGSEND = YES;
				ENABLE_USER_SCRIPT_SANDBOXING = YES;
				GCC_C_LANGUAGE_STANDARD = gnu17;
				GCC_NO_COMMON_BLOCKS = YES;
				GCC_WARN_64_TO_32_BIT_CONVERSION = YES;
				GCC_WARN_ABOUT_RETURN_TYPE = YES_ERROR;
				GCC_WARN_UNDECLARED_SELECTOR = YES;
				GCC_WARN_UNINITIALIZED_AUTOS = YES_AGGRESSIVE;
				GCC_WARN_UNUSED_FUNCTION = YES;
				GCC_WARN_UNUSED_VARIABLE = YES;
				IPHONEOS_DEPLOYMENT_TARGET = 18.2;
				LOCALIZATION_PREFERS_STRING_CATALOGS = YES;
				MTL_ENABLE_DEBUG_INFO = NO;
				MTL_FAST_MATH = YES;
				SDKROOT = iphoneos;
				SWIFT_COMPILATION_MODE = wholemodule;
				VALIDATE_PRODUCT = YES;
			};
			name = Release;
		};
		288C138B2D6F522A005AEF0D /* Debug */ = {
			isa = XCBuildConfiguration;
			buildSettings = {
				ASSETCATALOG_COMPILER_APPICON_NAME = AppIcon;
				ASSETCATALOG_COMPILER_GLOBAL_ACCENT_COLOR_NAME = AccentColor;
				CLANG_ENABLE_MODULES = YES;
				CODE_SIGN_STYLE = Automatic;
				CURRENT_PROJECT_VERSION = 1;
				DEVELOPMENT_TEAM = LKW7UKGZ29;
				GENERATE_INFOPLIST_FILE = YES;
				INFOPLIST_KEY_UIApplicationSupportsIndirectInputEvents = YES;
				INFOPLIST_KEY_UILaunchStoryboardName = LaunchScreen;
				INFOPLIST_KEY_UIMainStoryboardFile = Main;
				INFOPLIST_KEY_UIStatusBarHidden = YES;
				INFOPLIST_KEY_UISupportedInterfaceOrientations_iPad = "UIInterfaceOrientationPortrait UIInterfaceOrientationPortraitUpsideDown UIInterfaceOrientationLandscapeLeft UIInterfaceOrientationLandscapeRight";
				INFOPLIST_KEY_UISupportedInterfaceOrientations_iPhone = "UIInterfaceOrientationPortrait UIInterfaceOrientationLandscapeLeft UIInterfaceOrientationLandscapeRight";
				LD_RUNPATH_SEARCH_PATHS = (
					"$(inherited)",
					"@executable_path/Frameworks",
				);
				MARKETING_VERSION = 1.0;
				PRODUCT_BUNDLE_IDENTIFIER = CLC.CityBuilderGame;
				PRODUCT_NAME = "$(TARGET_NAME)";
				SWIFT_EMIT_LOC_STRINGS = YES;
				SWIFT_OPTIMIZATION_LEVEL = "-Onone";
				SWIFT_VERSION = 5.0;
				TARGETED_DEVICE_FAMILY = "1,2";
			};
			name = Debug;
		};
		288C138C2D6F522A005AEF0D /* Release */ = {
			isa = XCBuildConfiguration;
			buildSettings = {
				ASSETCATALOG_COMPILER_APPICON_NAME = AppIcon;
				ASSETCATALOG_COMPILER_GLOBAL_ACCENT_COLOR_NAME = AccentColor;
				CLANG_ENABLE_MODULES = YES;
				CODE_SIGN_STYLE = Automatic;
				CURRENT_PROJECT_VERSION = 1;
				DEVELOPMENT_TEAM = LKW7UKGZ29;
				GENERATE_INFOPLIST_FILE = YES;
				INFOPLIST_KEY_UIApplicationSupportsIndirectInputEvents = YES;
				INFOPLIST_KEY_UILaunchStoryboardName = LaunchScreen;
				INFOPLIST_KEY_UIMainStoryboardFile = Main;
				INFOPLIST_KEY_UIStatusBarHidden = YES;
				INFOPLIST_KEY_UISupportedInterfaceOrientations_iPad = "UIInterfaceOrientationPortrait UIInterfaceOrientationPortraitUpsideDown UIInterfaceOrientationLandscapeLeft UIInterfaceOrientationLandscapeRight";
				INFOPLIST_KEY_UISupportedInterfaceOrientations_iPhone = "UIInterfaceOrientationPortrait UIInterfaceOrientationLandscapeLeft UIInterfaceOrientationLandscapeRight";
				LD_RUNPATH_SEARCH_PATHS = (
					"$(inherited)",
					"@executable_path/Frameworks",
				);
				MARKETING_VERSION = 1.0;
				PRODUCT_BUNDLE_IDENTIFIER = CLC.CityBuilderGame;
				PRODUCT_NAME = "$(TARGET_NAME)";
				SWIFT_EMIT_LOC_STRINGS = YES;
				SWIFT_VERSION = 5.0;
				TARGETED_DEVICE_FAMILY = "1,2";
			};
			name = Release;
		};
		288C138E2D6F522A005AEF0D /* Debug */ = {
			isa = XCBuildConfiguration;
			buildSettings = {
				BUNDLE_LOADER = "$(TEST_HOST)";
				CODE_SIGN_STYLE = Automatic;
				CURRENT_PROJECT_VERSION = 1;
				GENERATE_INFOPLIST_FILE = YES;
				IPHONEOS_DEPLOYMENT_TARGET = 18.2;
				MARKETING_VERSION = 1.0;
				PRODUCT_BUNDLE_IDENTIFIER = CLC.CityBuilderTests;
				PRODUCT_NAME = "$(TARGET_NAME)";
				SWIFT_EMIT_LOC_STRINGS = NO;
				SWIFT_VERSION = 5.0;
				TARGETED_DEVICE_FAMILY = "1,2";
				TEST_HOST = "$(BUILT_PRODUCTS_DIR)/CityBuilder.app/$(BUNDLE_EXECUTABLE_FOLDER_PATH)/CityBuilder";
			};
			name = Debug;
		};
		288C138F2D6F522A005AEF0D /* Release */ = {
			isa = XCBuildConfiguration;
			buildSettings = {
				BUNDLE_LOADER = "$(TEST_HOST)";
				CODE_SIGN_STYLE = Automatic;
				CURRENT_PROJECT_VERSION = 1;
				GENERATE_INFOPLIST_FILE = YES;
				IPHONEOS_DEPLOYMENT_TARGET = 18.2;
				MARKETING_VERSION = 1.0;
				PRODUCT_BUNDLE_IDENTIFIER = CLC.CityBuilderTests;
				PRODUCT_NAME = "$(TARGET_NAME)";
				SWIFT_EMIT_LOC_STRINGS = NO;
				SWIFT_VERSION = 5.0;
				TARGETED_DEVICE_FAMILY = "1,2";
				TEST_HOST = "$(BUILT_PRODUCTS_DIR)/CityBuilder.app/$(BUNDLE_EXECUTABLE_FOLDER_PATH)/CityBuilder";
			};
			name = Release;
		};
		288C13912D6F522A005AEF0D /* Debug */ = {
			isa = XCBuildConfiguration;
			buildSettings = {
				CODE_SIGN_STYLE = Automatic;
				CURRENT_PROJECT_VERSION = 1;
				GENERATE_INFOPLIST_FILE = YES;
				MARKETING_VERSION = 1.0;
				PRODUCT_BUNDLE_IDENTIFIER = CLC.CityBuilderUITests;
				PRODUCT_NAME = "$(TARGET_NAME)";
				SWIFT_EMIT_LOC_STRINGS = NO;
				SWIFT_VERSION = 5.0;
				TARGETED_DEVICE_FAMILY = "1,2";
				TEST_TARGET_NAME = CityBuilder;
			};
			name = Debug;
		};
		288C13922D6F522A005AEF0D /* Release */ = {
			isa = XCBuildConfiguration;
			buildSettings = {
				CODE_SIGN_STYLE = Automatic;
				CURRENT_PROJECT_VERSION = 1;
				GENERATE_INFOPLIST_FILE = YES;
				MARKETING_VERSION = 1.0;
				PRODUCT_BUNDLE_IDENTIFIER = CLC.CityBuilderUITests;
				PRODUCT_NAME = "$(TARGET_NAME)";
				SWIFT_EMIT_LOC_STRINGS = NO;
				SWIFT_VERSION = 5.0;
				TARGETED_DEVICE_FAMILY = "1,2";
				TEST_TARGET_NAME = CityBuilder;
			};
			name = Release;
		};
/* End XCBuildConfiguration section */

/* Begin XCConfigurationList section */
		288C13582D6F521A005AEF0D /* Build configuration list for PBXProject "CityBuilder" */ = {
			isa = XCConfigurationList;
			buildConfigurations = (
				288C13882D6F522A005AEF0D /* Debug */,
				288C13892D6F522A005AEF0D /* Release */,
			);
			defaultConfigurationIsVisible = 0;
			defaultConfigurationName = Release;
		};
		288C138A2D6F522A005AEF0D /* Build configuration list for PBXNativeTarget "CityBuilder" */ = {
			isa = XCConfigurationList;
			buildConfigurations = (
				288C138B2D6F522A005AEF0D /* Debug */,
				288C138C2D6F522A005AEF0D /* Release */,
			);
			defaultConfigurationIsVisible = 0;
			defaultConfigurationName = Release;
		};
		288C138D2D6F522A005AEF0D /* Build configuration list for PBXNativeTarget "CityBuilderTests" */ = {
			isa = XCConfigurationList;
			buildConfigurations = (
				288C138E2D6F522A005AEF0D /* Debug */,
				288C138F2D6F522A005AEF0D /* Release */,
			);
			defaultConfigurationIsVisible = 0;
			defaultConfigurationName = Release;
		};
		288C13902D6F522A005AEF0D /* Build configuration list for PBXNativeTarget "CityBuilderUITests" */ = {
			isa = XCConfigurationList;
			buildConfigurations = (
				288C13912D6F522A005AEF0D /* Debug */,
				288C13922D6F522A005AEF0D /* Release */,
			);
			defaultConfigurationIsVisible = 0;
			defaultConfigurationName = Release;
		};
/* End XCConfigurationList section */
	};
	rootObject = 288C13552D6F521A005AEF0D /* Project object */;
}
